
Microsoft Visual Studio Solution File, Format Version 12.00
# Visual Studio 14
VisualStudioVersion = 14.0.25420.1
MinimumVisualStudioVersion = 10.0.40219.1
Project("{FAE04EC0-301F-11D3-BF4B-00C04F79EFBC}") = "test99.Android", "test99\test99.Android\test99.Android.csproj", "{FCB43B84-B8EC-4752-BEE6-04FBD4390EDA}"
EndProject
Project("{FAE04EC0-301F-11D3-BF4B-00C04F79EFBC}") = "test99", "test99\test99\test99.csproj", "{D171C5C8-A676-47CD-B2CF-69C4F909DAAC}"
EndProject
Project("{FAE04EC0-301F-11D3-BF4B-00C04F79EFBC}") = "test99.UWP", "test99\test99.UWP\test99.UWP.csproj", "{B69AA861-70EA-4852-A8D4-4E96661AC116}"
EndProject
Project("{FAE04EC0-301F-11D3-BF4B-00C04F79EFBC}") = "test99.iOS", "test99\test99.iOS\test99.iOS.csproj", "{6424AECC-DE7B-4C38-A36F-19CFB1A91309}"
EndProject
Global
	GlobalSection(SolutionConfigurationPlatforms) = preSolution
		Ad-Hoc|Any CPU = Ad-Hoc|Any CPU
		Ad-Hoc|ARM = Ad-Hoc|ARM
		Ad-Hoc|iPhone = Ad-Hoc|iPhone
		Ad-Hoc|iPhoneSimulator = Ad-Hoc|iPhoneSimulator
		Ad-Hoc|x64 = Ad-Hoc|x64
		Ad-Hoc|x86 = Ad-Hoc|x86
		AppStore|Any CPU = AppStore|Any CPU
		AppStore|ARM = AppStore|ARM
		AppStore|iPhone = AppStore|iPhone
		AppStore|iPhoneSimulator = AppStore|iPhoneSimulator
		AppStore|x64 = AppStore|x64
		AppStore|x86 = AppStore|x86
		Debug|Any CPU = Debug|Any CPU
		Debug|ARM = Debug|ARM
		Debug|iPhone = Debug|iPhone
		Debug|iPhoneSimulator = Debug|iPhoneSimulator
		Debug|x64 = Debug|x64
		Debug|x86 = Debug|x86
		Release|Any CPU = Release|Any CPU
		Release|ARM = Release|ARM
		Release|iPhone = Release|iPhone
		Release|iPhoneSimulator = Release|iPhoneSimulator
		Release|x64 = Release|x64
		Release|x86 = Release|x86
	EndGlobalSection
	GlobalSection(ProjectConfigurationPlatforms) = postSolution
		{FCB43B84-B8EC-4752-BEE6-04FBD4390EDA}.Ad-Hoc|Any CPU.ActiveCfg = Release|Any CPU
		{FCB43B84-B8EC-4752-BEE6-04FBD4390EDA}.Ad-Hoc|Any CPU.Build.0 = Release|Any CPU
		{FCB43B84-B8EC-4752-BEE6-04FBD4390EDA}.Ad-Hoc|Any CPU.Deploy.0 = Release|Any CPU
		{FCB43B84-B8EC-4752-BEE6-04FBD4390EDA}.Ad-Hoc|ARM.ActiveCfg = Release|Any CPU
		{FCB43B84-B8EC-4752-BEE6-04FBD4390EDA}.Ad-Hoc|ARM.Build.0 = Release|Any CPU
		{FCB43B84-B8EC-4752-BEE6-04FBD4390EDA}.Ad-Hoc|ARM.Deploy.0 = Release|Any CPU
		{FCB43B84-B8EC-4752-BEE6-04FBD4390EDA}.Ad-Hoc|iPhone.ActiveCfg = Release|Any CPU
		{FCB43B84-B8EC-4752-BEE6-04FBD4390EDA}.Ad-Hoc|iPhone.Build.0 = Release|Any CPU
		{FCB43B84-B8EC-4752-BEE6-04FBD4390EDA}.Ad-Hoc|iPhone.Deploy.0 = Release|Any CPU
		{FCB43B84-B8EC-4752-BEE6-04FBD4390EDA}.Ad-Hoc|iPhoneSimulator.ActiveCfg = Release|Any CPU
		{FCB43B84-B8EC-4752-BEE6-04FBD4390EDA}.Ad-Hoc|iPhoneSimulator.Build.0 = Release|Any CPU
		{FCB43B84-B8EC-4752-BEE6-04FBD4390EDA}.Ad-Hoc|iPhoneSimulator.Deploy.0 = Release|Any CPU
		{FCB43B84-B8EC-4752-BEE6-04FBD4390EDA}.Ad-Hoc|x64.ActiveCfg = Release|Any CPU
		{FCB43B84-B8EC-4752-BEE6-04FBD4390EDA}.Ad-Hoc|x64.Build.0 = Release|Any CPU
		{FCB43B84-B8EC-4752-BEE6-04FBD4390EDA}.Ad-Hoc|x64.Deploy.0 = Release|Any CPU
		{FCB43B84-B8EC-4752-BEE6-04FBD4390EDA}.Ad-Hoc|x86.ActiveCfg = Release|Any CPU
		{FCB43B84-B8EC-4752-BEE6-04FBD4390EDA}.Ad-Hoc|x86.Build.0 = Release|Any CPU
		{FCB43B84-B8EC-4752-BEE6-04FBD4390EDA}.Ad-Hoc|x86.Deploy.0 = Release|Any CPU
		{FCB43B84-B8EC-4752-BEE6-04FBD4390EDA}.AppStore|Any CPU.ActiveCfg = Release|Any CPU
		{FCB43B84-B8EC-4752-BEE6-04FBD4390EDA}.AppStore|Any CPU.Build.0 = Release|Any CPU
		{FCB43B84-B8EC-4752-BEE6-04FBD4390EDA}.AppStore|Any CPU.Deploy.0 = Release|Any CPU
		{FCB43B84-B8EC-4752-BEE6-04FBD4390EDA}.AppStore|ARM.ActiveCfg = Release|Any CPU
		{FCB43B84-B8EC-4752-BEE6-04FBD4390EDA}.AppStore|ARM.Build.0 = Release|Any CPU
		{FCB43B84-B8EC-4752-BEE6-04FBD4390EDA}.AppStore|ARM.Deploy.0 = Release|Any CPU
		{FCB43B84-B8EC-4752-BEE6-04FBD4390EDA}.AppStore|iPhone.ActiveCfg = Release|Any CPU
		{FCB43B84-B8EC-4752-BEE6-04FBD4390EDA}.AppStore|iPhone.Build.0 = Release|Any CPU
		{FCB43B84-B8EC-4752-BEE6-04FBD4390EDA}.AppStore|iPhone.Deploy.0 = Release|Any CPU
		{FCB43B84-B8EC-4752-BEE6-04FBD4390EDA}.AppStore|iPhoneSimulator.ActiveCfg = Release|Any CPU
		{FCB43B84-B8EC-4752-BEE6-04FBD4390EDA}.AppStore|iPhoneSimulator.Build.0 = Release|Any CPU
		{FCB43B84-B8EC-4752-BEE6-04FBD4390EDA}.AppStore|iPhoneSimulator.Deploy.0 = Release|Any CPU
		{FCB43B84-B8EC-4752-BEE6-04FBD4390EDA}.AppStore|x64.ActiveCfg = Release|Any CPU
		{FCB43B84-B8EC-4752-BEE6-04FBD4390EDA}.AppStore|x64.Build.0 = Release|Any CPU
		{FCB43B84-B8EC-4752-BEE6-04FBD4390EDA}.AppStore|x64.Deploy.0 = Release|Any CPU
		{FCB43B84-B8EC-4752-BEE6-04FBD4390EDA}.AppStore|x86.ActiveCfg = Release|Any CPU
		{FCB43B84-B8EC-4752-BEE6-04FBD4390EDA}.AppStore|x86.Build.0 = Release|Any CPU
		{FCB43B84-B8EC-4752-BEE6-04FBD4390EDA}.AppStore|x86.Deploy.0 = Release|Any CPU
		{FCB43B84-B8EC-4752-BEE6-04FBD4390EDA}.Debug|Any CPU.ActiveCfg = Debug|Any CPU
		{FCB43B84-B8EC-4752-BEE6-04FBD4390EDA}.Debug|Any CPU.Build.0 = Debug|Any CPU
		{FCB43B84-B8EC-4752-BEE6-04FBD4390EDA}.Debug|Any CPU.Deploy.0 = Debug|Any CPU
		{FCB43B84-B8EC-4752-BEE6-04FBD4390EDA}.Debug|ARM.ActiveCfg = Debug|Any CPU
		{FCB43B84-B8EC-4752-BEE6-04FBD4390EDA}.Debug|ARM.Build.0 = Debug|Any CPU
		{FCB43B84-B8EC-4752-BEE6-04FBD4390EDA}.Debug|ARM.Deploy.0 = Debug|Any CPU
		{FCB43B84-B8EC-4752-BEE6-04FBD4390EDA}.Debug|iPhone.ActiveCfg = Debug|Any CPU
		{FCB43B84-B8EC-4752-BEE6-04FBD4390EDA}.Debug|iPhone.Build.0 = Debug|Any CPU
		{FCB43B84-B8EC-4752-BEE6-04FBD4390EDA}.Debug|iPhone.Deploy.0 = Debug|Any CPU
		{FCB43B84-B8EC-4752-BEE6-04FBD4390EDA}.Debug|iPhoneSimulator.ActiveCfg = Debug|Any CPU
		{FCB43B84-B8EC-4752-BEE6-04FBD4390EDA}.Debug|iPhoneSimulator.Build.0 = Debug|Any CPU
		{FCB43B84-B8EC-4752-BEE6-04FBD4390EDA}.Debug|iPhoneSimulator.Deploy.0 = Debug|Any CPU
		{FCB43B84-B8EC-4752-BEE6-04FBD4390EDA}.Debug|x64.ActiveCfg = Debug|Any CPU
		{FCB43B84-B8EC-4752-BEE6-04FBD4390EDA}.Debug|x64.Build.0 = Debug|Any CPU
		{FCB43B84-B8EC-4752-BEE6-04FBD4390EDA}.Debug|x64.Deploy.0 = Debug|Any CPU
		{FCB43B84-B8EC-4752-BEE6-04FBD4390EDA}.Debug|x86.ActiveCfg = Debug|Any CPU
		{FCB43B84-B8EC-4752-BEE6-04FBD4390EDA}.Debug|x86.Build.0 = Debug|Any CPU
		{FCB43B84-B8EC-4752-BEE6-04FBD4390EDA}.Debug|x86.Deploy.0 = Debug|Any CPU
		{FCB43B84-B8EC-4752-BEE6-04FBD4390EDA}.Release|Any CPU.ActiveCfg = Release|Any CPU
		{FCB43B84-B8EC-4752-BEE6-04FBD4390EDA}.Release|Any CPU.Build.0 = Release|Any CPU
		{FCB43B84-B8EC-4752-BEE6-04FBD4390EDA}.Release|Any CPU.Deploy.0 = Release|Any CPU
		{FCB43B84-B8EC-4752-BEE6-04FBD4390EDA}.Release|ARM.ActiveCfg = Release|Any CPU
		{FCB43B84-B8EC-4752-BEE6-04FBD4390EDA}.Release|ARM.Build.0 = Release|Any CPU
		{FCB43B84-B8EC-4752-BEE6-04FBD4390EDA}.Release|ARM.Deploy.0 = Release|Any CPU
		{FCB43B84-B8EC-4752-BEE6-04FBD4390EDA}.Release|iPhone.ActiveCfg = Release|Any CPU
		{FCB43B84-B8EC-4752-BEE6-04FBD4390EDA}.Release|iPhone.Build.0 = Release|Any CPU
		{FCB43B84-B8EC-4752-BEE6-04FBD4390EDA}.Release|iPhone.Deploy.0 = Release|Any CPU
		{FCB43B84-B8EC-4752-BEE6-04FBD4390EDA}.Release|iPhoneSimulator.ActiveCfg = Release|Any CPU
		{FCB43B84-B8EC-4752-BEE6-04FBD4390EDA}.Release|iPhoneSimulator.Build.0 = Release|Any CPU
		{FCB43B84-B8EC-4752-BEE6-04FBD4390EDA}.Release|iPhoneSimulator.Deploy.0 = Release|Any CPU
		{FCB43B84-B8EC-4752-BEE6-04FBD4390EDA}.Release|x64.ActiveCfg = Release|Any CPU
		{FCB43B84-B8EC-4752-BEE6-04FBD4390EDA}.Release|x64.Build.0 = Release|Any CPU
		{FCB43B84-B8EC-4752-BEE6-04FBD4390EDA}.Release|x64.Deploy.0 = Release|Any CPU
		{FCB43B84-B8EC-4752-BEE6-04FBD4390EDA}.Release|x86.ActiveCfg = Release|Any CPU
		{FCB43B84-B8EC-4752-BEE6-04FBD4390EDA}.Release|x86.Build.0 = Release|Any CPU
		{FCB43B84-B8EC-4752-BEE6-04FBD4390EDA}.Release|x86.Deploy.0 = Release|Any CPU
		{D171C5C8-A676-47CD-B2CF-69C4F909DAAC}.Ad-Hoc|Any CPU.ActiveCfg = Release|Any CPU
		{D171C5C8-A676-47CD-B2CF-69C4F909DAAC}.Ad-Hoc|Any CPU.Build.0 = Release|Any CPU
		{D171C5C8-A676-47CD-B2CF-69C4F909DAAC}.Ad-Hoc|ARM.ActiveCfg = Release|Any CPU
		{D171C5C8-A676-47CD-B2CF-69C4F909DAAC}.Ad-Hoc|ARM.Build.0 = Release|Any CPU
		{D171C5C8-A676-47CD-B2CF-69C4F909DAAC}.Ad-Hoc|iPhone.ActiveCfg = Release|Any CPU
		{D171C5C8-A676-47CD-B2CF-69C4F909DAAC}.Ad-Hoc|iPhone.Build.0 = Release|Any CPU
		{D171C5C8-A676-47CD-B2CF-69C4F909DAAC}.Ad-Hoc|iPhoneSimulator.ActiveCfg = Release|Any CPU
		{D171C5C8-A676-47CD-B2CF-69C4F909DAAC}.Ad-Hoc|iPhoneSimulator.Build.0 = Release|Any CPU
		{D171C5C8-A676-47CD-B2CF-69C4F909DAAC}.Ad-Hoc|x64.ActiveCfg = Release|Any CPU
		{D171C5C8-A676-47CD-B2CF-69C4F909DAAC}.Ad-Hoc|x64.Build.0 = Release|Any CPU
		{D171C5C8-A676-47CD-B2CF-69C4F909DAAC}.Ad-Hoc|x86.ActiveCfg = Release|Any CPU
		{D171C5C8-A676-47CD-B2CF-69C4F909DAAC}.Ad-Hoc|x86.Build.0 = Release|Any CPU
		{D171C5C8-A676-47CD-B2CF-69C4F909DAAC}.AppStore|Any CPU.ActiveCfg = Release|Any CPU
		{D171C5C8-A676-47CD-B2CF-69C4F909DAAC}.AppStore|Any CPU.Build.0 = Release|Any CPU
		{D171C5C8-A676-47CD-B2CF-69C4F909DAAC}.AppStore|ARM.ActiveCfg = Release|Any CPU
		{D171C5C8-A676-47CD-B2CF-69C4F909DAAC}.AppStore|ARM.Build.0 = Release|Any CPU
		{D171C5C8-A676-47CD-B2CF-69C4F909DAAC}.AppStore|iPhone.ActiveCfg = Release|Any CPU
		{D171C5C8-A676-47CD-B2CF-69C4F909DAAC}.AppStore|iPhone.Build.0 = Release|Any CPU
		{D171C5C8-A676-47CD-B2CF-69C4F909DAAC}.AppStore|iPhoneSimulator.ActiveCfg = Release|Any CPU
		{D171C5C8-A676-47CD-B2CF-69C4F909DAAC}.AppStore|iPhoneSimulator.Build.0 = Release|Any CPU
		{D171C5C8-A676-47CD-B2CF-69C4F909DAAC}.AppStore|x64.ActiveCfg = Release|Any CPU
		{D171C5C8-A676-47CD-B2CF-69C4F909DAAC}.AppStore|x64.Build.0 = Release|Any CPU
		{D171C5C8-A676-47CD-B2CF-69C4F909DAAC}.AppStore|x86.ActiveCfg = Release|Any CPU
		{D171C5C8-A676-47CD-B2CF-69C4F909DAAC}.AppStore|x86.Build.0 = Release|Any CPU
		{D171C5C8-A676-47CD-B2CF-69C4F909DAAC}.Debug|Any CPU.ActiveCfg = Debug|Any CPU
		{D171C5C8-A676-47CD-B2CF-69C4F909DAAC}.Debug|Any CPU.Build.0 = Debug|Any CPU
		{D171C5C8-A676-47CD-B2CF-69C4F909DAAC}.Debug|ARM.ActiveCfg = Debug|Any CPU
		{D171C5C8-A676-47CD-B2CF-69C4F909DAAC}.Debug|ARM.Build.0 = Debug|Any CPU
		{D171C5C8-A676-47CD-B2CF-69C4F909DAAC}.Debug|iPhone.ActiveCfg = Debug|Any CPU
		{D171C5C8-A676-47CD-B2CF-69C4F909DAAC}.Debug|iPhone.Build.0 = Debug|Any CPU
		{D171C5C8-A676-47CD-B2CF-69C4F909DAAC}.Debug|iPhoneSimulator.ActiveCfg = Debug|Any CPU
		{D171C5C8-A676-47CD-B2CF-69C4F909DAAC}.Debug|iPhoneSimulator.Build.0 = Debug|Any CPU
		{D171C5C8-A676-47CD-B2CF-69C4F909DAAC}.Debug|x64.ActiveCfg = Debug|Any CPU
		{D171C5C8-A676-47CD-B2CF-69C4F909DAAC}.Debug|x64.Build.0 = Debug|Any CPU
		{D171C5C8-A676-47CD-B2CF-69C4F909DAAC}.Debug|x86.ActiveCfg = Debug|Any CPU
		{D171C5C8-A676-47CD-B2CF-69C4F909DAAC}.Debug|x86.Build.0 = Debug|Any CPU
		{D171C5C8-A676-47CD-B2CF-69C4F909DAAC}.Release|Any CPU.ActiveCfg = Release|Any CPU
		{D171C5C8-A676-47CD-B2CF-69C4F909DAAC}.Release|Any CPU.Build.0 = Release|Any CPU
		{D171C5C8-A676-47CD-B2CF-69C4F909DAAC}.Release|ARM.ActiveCfg = Release|Any CPU
		{D171C5C8-A676-47CD-B2CF-69C4F909DAAC}.Release|ARM.Build.0 = Release|Any CPU
		{D171C5C8-A676-47CD-B2CF-69C4F909DAAC}.Release|iPhone.ActiveCfg = Release|Any CPU
		{D171C5C8-A676-47CD-B2CF-69C4F909DAAC}.Release|iPhone.Build.0 = Release|Any CPU
		{D171C5C8-A676-47CD-B2CF-69C4F909DAAC}.Release|iPhoneSimulator.ActiveCfg = Release|Any CPU
		{D171C5C8-A676-47CD-B2CF-69C4F909DAAC}.Release|iPhoneSimulator.Build.0 = Release|Any CPU
		{D171C5C8-A676-47CD-B2CF-69C4F909DAAC}.Release|x64.ActiveCfg = Release|Any CPU
		{D171C5C8-A676-47CD-B2CF-69C4F909DAAC}.Release|x64.Build.0 = Release|Any CPU
		{D171C5C8-A676-47CD-B2CF-69C4F909DAAC}.Release|x86.ActiveCfg = Release|Any CPU
		{D171C5C8-A676-47CD-B2CF-69C4F909DAAC}.Release|x86.Build.0 = Release|Any CPU
		{B69AA861-70EA-4852-A8D4-4E96661AC116}.Ad-Hoc|Any CPU.ActiveCfg = Release|x86
		{B69AA861-70EA-4852-A8D4-4E96661AC116}.Ad-Hoc|Any CPU.Build.0 = Release|x86
		{B69AA861-70EA-4852-A8D4-4E96661AC116}.Ad-Hoc|Any CPU.Deploy.0 = Release|x86
		{B69AA861-70EA-4852-A8D4-4E96661AC116}.Ad-Hoc|ARM.ActiveCfg = Release|ARM
		{B69AA861-70EA-4852-A8D4-4E96661AC116}.Ad-Hoc|ARM.Build.0 = Release|ARM
		{B69AA861-70EA-4852-A8D4-4E96661AC116}.Ad-Hoc|ARM.Deploy.0 = Release|ARM
		{B69AA861-70EA-4852-A8D4-4E96661AC116}.Ad-Hoc|iPhone.ActiveCfg = Release|x86
		{B69AA861-70EA-4852-A8D4-4E96661AC116}.Ad-Hoc|iPhone.Build.0 = Release|x86
		{B69AA861-70EA-4852-A8D4-4E96661AC116}.Ad-Hoc|iPhone.Deploy.0 = Release|x86
		{B69AA861-70EA-4852-A8D4-4E96661AC116}.Ad-Hoc|iPhoneSimulator.ActiveCfg = Release|x86
		{B69AA861-70EA-4852-A8D4-4E96661AC116}.Ad-Hoc|iPhoneSimulator.Build.0 = Release|x86
		{B69AA861-70EA-4852-A8D4-4E96661AC116}.Ad-Hoc|iPhoneSimulator.Deploy.0 = Release|x86
		{B69AA861-70EA-4852-A8D4-4E96661AC116}.Ad-Hoc|x64.ActiveCfg = Release|x64
		{B69AA861-70EA-4852-A8D4-4E96661AC116}.Ad-Hoc|x64.Build.0 = Release|x64
		{B69AA861-70EA-4852-A8D4-4E96661AC116}.Ad-Hoc|x64.Deploy.0 = Release|x64
		{B69AA861-70EA-4852-A8D4-4E96661AC116}.Ad-Hoc|x86.ActiveCfg = Release|x86
		{B69AA861-70EA-4852-A8D4-4E96661AC116}.Ad-Hoc|x86.Build.0 = Release|x86
		{B69AA861-70EA-4852-A8D4-4E96661AC116}.Ad-Hoc|x86.Deploy.0 = Release|x86
		{B69AA861-70EA-4852-A8D4-4E96661AC116}.AppStore|Any CPU.ActiveCfg = Release|x86
		{B69AA861-70EA-4852-A8D4-4E96661AC116}.AppStore|Any CPU.Build.0 = Release|x86
		{B69AA861-70EA-4852-A8D4-4E96661AC116}.AppStore|Any CPU.Deploy.0 = Release|x86
		{B69AA861-70EA-4852-A8D4-4E96661AC116}.AppStore|ARM.ActiveCfg = Release|ARM
		{B69AA861-70EA-4852-A8D4-4E96661AC116}.AppStore|ARM.Build.0 = Release|ARM
		{B69AA861-70EA-4852-A8D4-4E96661AC116}.AppStore|ARM.Deploy.0 = Release|ARM
		{B69AA861-70EA-4852-A8D4-4E96661AC116}.AppStore|iPhone.ActiveCfg = Release|x86
		{B69AA861-70EA-4852-A8D4-4E96661AC116}.AppStore|iPhone.Build.0 = Release|x86
		{B69AA861-70EA-4852-A8D4-4E96661AC116}.AppStore|iPhone.Deploy.0 = Release|x86
		{B69AA861-70EA-4852-A8D4-4E96661AC116}.AppStore|iPhoneSimulator.ActiveCfg = Release|x86
		{B69AA861-70EA-4852-A8D4-4E96661AC116}.AppStore|iPhoneSimulator.Build.0 = Release|x86
		{B69AA861-70EA-4852-A8D4-4E96661AC116}.AppStore|iPhoneSimulator.Deploy.0 = Release|x86
		{B69AA861-70EA-4852-A8D4-4E96661AC116}.AppStore|x64.ActiveCfg = Release|x64
		{B69AA861-70EA-4852-A8D4-4E96661AC116}.AppStore|x64.Build.0 = Release|x64
		{B69AA861-70EA-4852-A8D4-4E96661AC116}.AppStore|x64.Deploy.0 = Release|x64
		{B69AA861-70EA-4852-A8D4-4E96661AC116}.AppStore|x86.ActiveCfg = Release|x86
		{B69AA861-70EA-4852-A8D4-4E96661AC116}.AppStore|x86.Build.0 = Release|x86
		{B69AA861-70EA-4852-A8D4-4E96661AC116}.AppStore|x86.Deploy.0 = Release|x86
		{B69AA861-70EA-4852-A8D4-4E96661AC116}.Debug|Any CPU.ActiveCfg = Debug|x86
		{B69AA861-70EA-4852-A8D4-4E96661AC116}.Debug|ARM.ActiveCfg = Debug|ARM
		{B69AA861-70EA-4852-A8D4-4E96661AC116}.Debug|ARM.Build.0 = Debug|ARM
		{B69AA861-70EA-4852-A8D4-4E96661AC116}.Debug|ARM.Deploy.0 = Debug|ARM
		{B69AA861-70EA-4852-A8D4-4E96661AC116}.Debug|iPhone.ActiveCfg = Debug|x86
		{B69AA861-70EA-4852-A8D4-4E96661AC116}.Debug|iPhoneSimulator.ActiveCfg = Debug|x86
		{B69AA861-70EA-4852-A8D4-4E96661AC116}.Debug|x64.ActiveCfg = Debug|x64
		{B69AA861-70EA-4852-A8D4-4E96661AC116}.Debug|x64.Build.0 = Debug|x64
		{B69AA861-70EA-4852-A8D4-4E96661AC116}.Debug|x64.Deploy.0 = Debug|x64
		{B69AA861-70EA-4852-A8D4-4E96661AC116}.Debug|x86.ActiveCfg = Debug|x86
		{B69AA861-70EA-4852-A8D4-4E96661AC116}.Debug|x86.Build.0 = Debug|x86
		{B69AA861-70EA-4852-A8D4-4E96661AC116}.Debug|x86.Deploy.0 = Debug|x86
		{B69AA861-70EA-4852-A8D4-4E96661AC116}.Release|Any CPU.ActiveCfg = Release|x86
		{B69AA861-70EA-4852-A8D4-4E96661AC116}.Release|ARM.ActiveCfg = Release|ARM
		{B69AA861-70EA-4852-A8D4-4E96661AC116}.Release|ARM.Build.0 = Release|ARM
		{B69AA861-70EA-4852-A8D4-4E96661AC116}.Release|ARM.Deploy.0 = Release|ARM
		{B69AA861-70EA-4852-A8D4-4E96661AC116}.Release|iPhone.ActiveCfg = Release|x86
		{B69AA861-70EA-4852-A8D4-4E96661AC116}.Release|iPhoneSimulator.ActiveCfg = Release|x86
		{B69AA861-70EA-4852-A8D4-4E96661AC116}.Release|x64.ActiveCfg = Release|x64
		{B69AA861-70EA-4852-A8D4-4E96661AC116}.Release|x64.Build.0 = Release|x64
		{B69AA861-70EA-4852-A8D4-4E96661AC116}.Release|x64.Deploy.0 = Release|x64
		{B69AA861-70EA-4852-A8D4-4E96661AC116}.Release|x86.ActiveCfg = Release|x86
		{B69AA861-70EA-4852-A8D4-4E96661AC116}.Release|x86.Build.0 = Release|x86
		{B69AA861-70EA-4852-A8D4-4E96661AC116}.Release|x86.Deploy.0 = Release|x86
		{6424AECC-DE7B-4C38-A36F-19CFB1A91309}.Ad-Hoc|Any CPU.ActiveCfg = Ad-Hoc|iPhone
		{6424AECC-DE7B-4C38-A36F-19CFB1A91309}.Ad-Hoc|ARM.ActiveCfg = Ad-Hoc|iPhone
		{6424AECC-DE7B-4C38-A36F-19CFB1A91309}.Ad-Hoc|iPhone.ActiveCfg = Ad-Hoc|iPhone
		{6424AECC-DE7B-4C38-A36F-19CFB1A91309}.Ad-Hoc|iPhone.Build.0 = Ad-Hoc|iPhone
		{6424AECC-DE7B-4C38-A36F-19CFB1A91309}.Ad-Hoc|iPhoneSimulator.ActiveCfg = Ad-Hoc|iPhoneSimulator
		{6424AECC-DE7B-4C38-A36F-19CFB1A91309}.Ad-Hoc|iPhoneSimulator.Build.0 = Ad-Hoc|iPhoneSimulator
		{6424AECC-DE7B-4C38-A36F-19CFB1A91309}.Ad-Hoc|x64.ActiveCfg = Ad-Hoc|iPhone
		{6424AECC-DE7B-4C38-A36F-19CFB1A91309}.Ad-Hoc|x86.ActiveCfg = Ad-Hoc|iPhone
		{6424AECC-DE7B-4C38-A36F-19CFB1A91309}.AppStore|Any CPU.ActiveCfg = AppStore|iPhone
		{6424AECC-DE7B-4C38-A36F-19CFB1A91309}.AppStore|ARM.ActiveCfg = AppStore|iPhone
		{6424AECC-DE7B-4C38-A36F-19CFB1A91309}.AppStore|iPhone.ActiveCfg = AppStore|iPhone
		{6424AECC-DE7B-4C38-A36F-19CFB1A91309}.AppStore|iPhone.Build.0 = AppStore|iPhone
		{6424AECC-DE7B-4C38-A36F-19CFB1A91309}.AppStore|iPhoneSimulator.ActiveCfg = AppStore|iPhoneSimulator
		{6424AECC-DE7B-4C38-A36F-19CFB1A91309}.AppStore|iPhoneSimulator.Build.0 = AppStore|iPhoneSimulator
		{6424AECC-DE7B-4C38-A36F-19CFB1A91309}.AppStore|x64.ActiveCfg = AppStore|iPhone
		{6424AECC-DE7B-4C38-A36F-19CFB1A91309}.AppStore|x86.ActiveCfg = AppStore|iPhone
		{6424AECC-DE7B-4C38-A36F-19CFB1A91309}.Debug|Any CPU.ActiveCfg = Debug|iPhone
		{6424AECC-DE7B-4C38-A36F-19CFB1A91309}.Debug|ARM.ActiveCfg = Debug|iPhone
		{6424AECC-DE7B-4C38-A36F-19CFB1A91309}.Debug|iPhone.ActiveCfg = Debug|iPhone
		{6424AECC-DE7B-4C38-A36F-19CFB1A91309}.Debug|iPhone.Build.0 = Debug|iPhone
		{6424AECC-DE7B-4C38-A36F-19CFB1A91309}.Debug|iPhoneSimulator.ActiveCfg = Debug|iPhoneSimulator
		{6424AECC-DE7B-4C38-A36F-19CFB1A91309}.Debug|iPhoneSimulator.Build.0 = Debug|iPhoneSimulator
		{6424AECC-DE7B-4C38-A36F-19CFB1A91309}.Debug|x64.ActiveCfg = Debug|iPhone
		{6424AECC-DE7B-4C38-A36F-19CFB1A91309}.Debug|x86.ActiveCfg = Debug|iPhone
		{6424AECC-DE7B-4C38-A36F-19CFB1A91309}.Release|Any CPU.ActiveCfg = Release|iPhone
		{6424AECC-DE7B-4C38-A36F-19CFB1A91309}.Release|ARM.ActiveCfg = Release|iPhone
		{6424AECC-DE7B-4C38-A36F-19CFB1A91309}.Release|iPhone.ActiveCfg = Release|iPhone
		{6424AECC-DE7B-4C38-A36F-19CFB1A91309}.Release|iPhone.Build.0 = Release|iPhone
		{6424AECC-DE7B-4C38-A36F-19CFB1A91309}.Release|iPhoneSimulator.ActiveCfg = Release|iPhoneSimulator
		{6424AECC-DE7B-4C38-A36F-19CFB1A91309}.Release|iPhoneSimulator.Build.0 = Release|iPhoneSimulator
		{6424AECC-DE7B-4C38-A36F-19CFB1A91309}.Release|x64.ActiveCfg = Release|iPhone
		{6424AECC-DE7B-4C38-A36F-19CFB1A91309}.Release|x86.ActiveCfg = Release|iPhone
	EndGlobalSection
	GlobalSection(SolutionProperties) = preSolution
		HideSolutionNode = FALSE
	EndGlobalSection
EndGlobal
